
Microsoft Visual Studio Solution File, Format Version 12.00
# Visual Studio Version 16
VisualStudioVersion = 16.0.29806.167
MinimumVisualStudioVersion = 10.0.40219.1
Project("{FAE04EC0-301F-11D3-BF4B-00C04F79EFBC}") = "planets.Android", "planets.Android\planets.Android.csproj", "{89883DBA-05A2-45CA-A973-B9E364E2626C}"
EndProject
Project("{FAE04EC0-301F-11D3-BF4B-00C04F79EFBC}") = "planets.iOS", "planets.iOS\planets.iOS.csproj", "{C2338949-E581-4411-873C-AE274E1A0308}"
EndProject
Project("{FAE04EC0-301F-11D3-BF4B-00C04F79EFBC}") = "planets", "planets\planets.csproj", "{C6B5EF03-1E78-4B61-A6A7-3CC19BE7026E}"
EndProject
Global
	GlobalSection(SolutionConfigurationPlatforms) = preSolution
		Debug|Any CPU = Debug|Any CPU
		Debug|iPhone = Debug|iPhone
		Debug|iPhoneSimulator = Debug|iPhoneSimulator
		Release|Any CPU = Release|Any CPU
		Release|iPhone = Release|iPhone
		Release|iPhoneSimulator = Release|iPhoneSimulator
	EndGlobalSection
	GlobalSection(ProjectConfigurationPlatforms) = postSolution
		{89883DBA-05A2-45CA-A973-B9E364E2626C}.Debug|Any CPU.ActiveCfg = Debug|Any CPU
		{89883DBA-05A2-45CA-A973-B9E364E2626C}.Debug|Any CPU.Build.0 = Debug|Any CPU
		{89883DBA-05A2-45CA-A973-B9E364E2626C}.Debug|Any CPU.Deploy.0 = Debug|Any CPU
		{89883DBA-05A2-45CA-A973-B9E364E2626C}.Debug|iPhone.ActiveCfg = Debug|Any CPU
		{89883DBA-05A2-45CA-A973-B9E364E2626C}.Debug|iPhone.Build.0 = Debug|Any CPU
		{89883DBA-05A2-45CA-A973-B9E364E2626C}.Debug|iPhone.Deploy.0 = Debug|Any CPU
		{89883DBA-05A2-45CA-A973-B9E364E2626C}.Debug|iPhoneSimulator.ActiveCfg = Debug|Any CPU
		{89883DBA-05A2-45CA-A973-B9E364E2626C}.Debug|iPhoneSimulator.Build.0 = Debug|Any CPU
		{89883DBA-05A2-45CA-A973-B9E364E2626C}.Debug|iPhoneSimulator.Deploy.0 = Debug|Any CPU
		{89883DBA-05A2-45CA-A973-B9E364E2626C}.Release|Any CPU.ActiveCfg = Release|Any CPU
		{89883DBA-05A2-45CA-A973-B9E364E2626C}.Release|Any CPU.Build.0 = Release|Any CPU
		{89883DBA-05A2-45CA-A973-B9E364E2626C}.Release|Any CPU.Deploy.0 = Release|Any CPU
		{89883DBA-05A2-45CA-A973-B9E364E2626C}.Release|iPhone.ActiveCfg = Release|Any CPU
		{89883DBA-05A2-45CA-A973-B9E364E2626C}.Release|iPhone.Build.0 = Release|Any CPU
		{89883DBA-05A2-45CA-A973-B9E364E2626C}.Release|iPhone.Deploy.0 = Release|Any CPU
		{89883DBA-05A2-45CA-A973-B9E364E2626C}.Release|iPhoneSimulator.ActiveCfg = Release|Any CPU
		{89883DBA-05A2-45CA-A973-B9E364E2626C}.Release|iPhoneSimulator.Build.0 = Release|Any CPU
		{89883DBA-05A2-45CA-A973-B9E364E2626C}.Release|iPhoneSimulator.Deploy.0 = Release|Any CPU
		{C2338949-E581-4411-873C-AE274E1A0308}.Debug|Any CPU.ActiveCfg = Debug|iPhoneSimulator
		{C2338949-E581-4411-873C-AE274E1A0308}.Debug|Any CPU.Build.0 = Debug|iPhoneSimulator
		{C2338949-E581-4411-873C-AE274E1A0308}.Debug|Any CPU.Deploy.0 = Debug|iPhoneSimulator
		{C2338949-E581-4411-873C-AE274E1A0308}.Debug|iPhone.ActiveCfg = Debug|iPhone
		{C2338949-E581-4411-873C-AE274E1A0308}.Debug|iPhone.Build.0 = Debug|iPhone
		{C2338949-E581-4411-873C-AE274E1A0308}.Debug|iPhone.Deploy.0 = Debug|iPhone
		{C2338949-E581-4411-873C-AE274E1A0308}.Debug|iPhoneSimulator.ActiveCfg = Debug|iPhoneSimulator
		{C2338949-E581-4411-873C-AE274E1A0308}.Debug|iPhoneSimulator.Build.0 = Debug|iPhoneSimulator
		{C2338949-E581-4411-873C-AE274E1A0308}.Debug|iPhoneSimulator.Deploy.0 = Debug|iPhoneSimulator
		{C2338949-E581-4411-873C-AE274E1A0308}.Release|Any CPU.ActiveCfg = Release|iPhone
		{C2338949-E581-4411-873C-AE274E1A0308}.Release|Any CPU.Build.0 = Release|iPhone
		{C2338949-E581-4411-873C-AE274E1A0308}.Release|Any CPU.Deploy.0 = Release|iPhone
		{C2338949-E581-4411-873C-AE274E1A0308}.Release|iPhone.ActiveCfg = Release|iPhone
		{C2338949-E581-4411-873C-AE274E1A0308}.Release|iPhone.Build.0 = Release|iPhone
		{C2338949-E581-4411-873C-AE274E1A0308}.Release|iPhone.Deploy.0 = Release|iPhone
		{C2338949-E581-4411-873C-AE274E1A0308}.Release|iPhoneSimulator.ActiveCfg = Release|iPhoneSimulator
		{C2338949-E581-4411-873C-AE274E1A0308}.Release|iPhoneSimulator.Build.0 = Release|iPhoneSimulator
		{C2338949-E581-4411-873C-AE274E1A0308}.Release|iPhoneSimulator.Deploy.0 = Release|iPhoneSimulator
		{C6B5EF03-1E78-4B61-A6A7-3CC19BE7026E}.Debug|Any CPU.ActiveCfg = Debug|Any CPU
		{C6B5EF03-1E78-4B61-A6A7-3CC19BE7026E}.Debug|Any CPU.Build.0 = Debug|Any CPU
		{C6B5EF03-1E78-4B61-A6A7-3CC19BE7026E}.Debug|Any CPU.Deploy.0 = Debug|Any CPU
		{C6B5EF03-1E78-4B61-A6A7-3CC19BE7026E}.Debug|iPhone.ActiveCfg = Debug|Any CPU
		{C6B5EF03-1E78-4B61-A6A7-3CC19BE7026E}.Debug|iPhone.Build.0 = Debug|Any CPU
		{C6B5EF03-1E78-4B61-A6A7-3CC19BE7026E}.Debug|iPhone.Deploy.0 = Debug|Any CPU
		{C6B5EF03-1E78-4B61-A6A7-3CC19BE7026E}.Debug|iPhoneSimulator.ActiveCfg = Debug|Any CPU
		{C6B5EF03-1E78-4B61-A6A7-3CC19BE7026E}.Debug|iPhoneSimulator.Build.0 = Debug|Any CPU
		{C6B5EF03-1E78-4B61-A6A7-3CC19BE7026E}.Debug|iPhoneSimulator.Deploy.0 = Debug|Any CPU
		{C6B5EF03-1E78-4B61-A6A7-3CC19BE7026E}.Release|Any CPU.ActiveCfg = Release|Any CPU
		{C6B5EF03-1E78-4B61-A6A7-3CC19BE7026E}.Release|Any CPU.Build.0 = Release|Any CPU
		{C6B5EF03-1E78-4B61-A6A7-3CC19BE7026E}.Release|Any CPU.Deploy.0 = Release|Any CPU
		{C6B5EF03-1E78-4B61-A6A7-3CC19BE7026E}.Release|iPhone.ActiveCfg = Release|Any CPU
		{C6B5EF03-1E78-4B61-A6A7-3CC19BE7026E}.Release|iPhone.Build.0 = Release|Any CPU
		{C6B5EF03-1E78-4B61-A6A7-3CC19BE7026E}.Release|iPhone.Deploy.0 = Release|Any CPU
		{C6B5EF03-1E78-4B61-A6A7-3CC19BE7026E}.Release|iPhoneSimulator.ActiveCfg = Release|Any CPU
		{C6B5EF03-1E78-4B61-A6A7-3CC19BE7026E}.Release|iPhoneSimulator.Build.0 = Release|Any CPU
		{C6B5EF03-1E78-4B61-A6A7-3CC19BE7026E}.Release|iPhoneSimulator.Deploy.0 = Release|Any CPU
	EndGlobalSection
	GlobalSection(SolutionProperties) = preSolution
		HideSolutionNode = FALSE
	EndGlobalSection
	GlobalSection(ExtensibilityGlobals) = postSolution
		SolutionGuid = {BB9D1265-54E8-4363-ABED-8384C42CC41A}
	EndGlobalSection
EndGlobal
